{
    "name": "cvjs",
    "version": "1.0.0",
    "lockfileVersion": 3,
    "requires": true,
    "packages": {
        "": {
            "name": "cvjs",
            "version": "1.0.0",
            "devDependencies": {
                "htm": "^3.1.1",
                "signal-polyfill": "divdavem/signal-polyfill#prepareScript",
                "typescript": "^5.6.2"
            }
        },
        "node_modules/htm": {
            "version": "3.1.1",
            "resolved": "https://registry.npmjs.org/htm/-/htm-3.1.1.tgz",
            "integrity": "sha512-983Vyg8NwUE7JkZ6NmOqpCZ+sh1bKv2iYTlUkzlWmA5JD2acKoxd4KVxbMmxX/85mtfdnDmTFoNKcg5DGAvxNQ==",
            "dev": true,
            "license": "Apache-2.0"
        },
        "node_modules/signal-polyfill": {
            "version": "0.1.1",
            "resolved": "git+ssh://git@github.com/divdavem/signal-polyfill.git#8520a0c6b6a9186ea5699273c70c991e0da76a52",
            "dev": true,
            "license": "Apache-2.0"
        },
        "node_modules/typescript": {
            "version": "5.6.2",
            "resolved": "https://registry.npmjs.org/typescript/-/typescript-5.6.2.tgz",
            "integrity": "sha512-NW8ByodCSNCwZeghjN3o+JX5OFH0Ojg6sadjEKY4huZ52TqbJTJnDo5+Tw98lSy63NZvi4n+ez5m2u5d4PkZyw==",
            "dev": true,
            "license": "Apache-2.0",
            "bin": {
                "tsc": "bin/tsc",
                "tsserver": "bin/tsserver"
            },
            "engines": {
                "node": ">=14.17"
            }
        }
    }
}
